
Microsoft Visual Studio Solution File, Format Version 12.00
# Visual Studio Version 16
VisualStudioVersion = 16.0.809.10
MinimumVisualStudioVersion = 10.0.40219.1
Project("{FAE04EC0-301F-11D3-BF4B-00C04F79EFBC}") = "LoyaltyProgram", "LoyaltyProgram\LoyaltyProgram.csproj", "{9E4D10B2-07F5-4F53-B14D-626389DF4371}"
EndProject
Global
	GlobalSection(SolutionConfigurationPlatforms) = preSolution
		Debug|Any CPU = Debug|Any CPU
		Release|Any CPU = Release|Any CPU
	EndGlobalSection
	GlobalSection(ProjectConfigurationPlatforms) = postSolution
		{9E4D10B2-07F5-4F53-B14D-626389DF4371}.Debug|Any CPU.ActiveCfg = Debug|Any CPU
		{9E4D10B2-07F5-4F53-B14D-626389DF4371}.Debug|Any CPU.Build.0 = Debug|Any CPU
		{9E4D10B2-07F5-4F53-B14D-626389DF4371}.Release|Any CPU.ActiveCfg = Release|Any CPU
		{9E4D10B2-07F5-4F53-B14D-626389DF4371}.Release|Any CPU.Build.0 = Release|Any CPU
	EndGlobalSection
	GlobalSection(SolutionProperties) = preSolution
		HideSolutionNode = FALSE
	EndGlobalSection
	GlobalSection(ExtensibilityGlobals) = postSolution
		SolutionGuid = {E9F2014F-2E2D-4D0C-902D-F5C77825FDC8}
	EndGlobalSection
EndGlobal
